
Microsoft Visual Studio Solution File, Format Version 12.00
# Visual Studio 14
VisualStudioVersion = 14.0.23107.0
MinimumVisualStudioVersion = 10.0.40219.1
Project("{FAE04EC0-301F-11D3-BF4B-00C04F79EFBC}") = "Service_for_android", "Service_for_android\Service_for_android.csproj", "{4A22A1CC-2AF1-4D6A-9832-6768ADE6371D}"
EndProject
Global
	GlobalSection(SolutionConfigurationPlatforms) = preSolution
		Debug|Any CPU = Debug|Any CPU
		Release|Any CPU = Release|Any CPU
	EndGlobalSection
	GlobalSection(ProjectConfigurationPlatforms) = postSolution
		{4A22A1CC-2AF1-4D6A-9832-6768ADE6371D}.Debug|Any CPU.ActiveCfg = Debug|Any CPU
		{4A22A1CC-2AF1-4D6A-9832-6768ADE6371D}.Debug|Any CPU.Build.0 = Debug|Any CPU
		{4A22A1CC-2AF1-4D6A-9832-6768ADE6371D}.Release|Any CPU.ActiveCfg = Release|Any CPU
		{4A22A1CC-2AF1-4D6A-9832-6768ADE6371D}.Release|Any CPU.Build.0 = Release|Any CPU
	EndGlobalSection
	GlobalSection(SolutionProperties) = preSolution
		HideSolutionNode = FALSE
	EndGlobalSection
EndGlobal
